{
  "name": "01_npm",
  "version": "1.0.0",
  "lockfileVersion": 3,
  "requires": true,
  "packages": {
    "": {
      "name": "01_npm",
      "version": "1.0.0",
      "license": "ISC",
      "dependencies": {
        "math_bayyy": "^1.0.0",
        "uniq": "^1.0.1"
      }
    },
    "node_modules/math_bayyy": {
      "version": "1.0.1",
      "resolved": "https://registry.npmjs.org/math_bayyy/-/math_bayyy-1.0.1.tgz",
      "integrity": "sha512-ZiOdY/Zs2pNK8u3ZjGBk7oJ0EO1RaxsjNyPUhgjerb6aN3WK/w8B7lz9fHZkIhSm2YOcmh8mVhTrxxoDiZEwWg=="
    },
    "node_modules/uniq": {
      "version": "1.0.1",
      "resolved": "https://registry.npmmirror.com/uniq/-/uniq-1.0.1.tgz",
      "integrity": "sha512-Gw+zz50YNKPDKXs+9d+aKAjVwpjNwqzvNpLigIruT4HA9lMZNdMqs9x07kKHB/L9WRzqp4+DlTU5s4wG2esdoA=="
    }
  }
}
